
Microsoft Visual Studio Solution File, Format Version 12.00
# Visual Studio 15
VisualStudioVersion = 15.0.26730.3
MinimumVisualStudioVersion = 10.0.40219.1
Project("{FAE04EC0-301F-11D3-BF4B-00C04F79EFBC}") = "Mini-Biggy.Storage.SqlServer", "Mini-Biggy.Storage.SqlServer\Mini-Biggy.Storage.SqlServer.csproj", "{9EA98EAC-EC3A-4A3D-9D55-ED55F5438042}"
EndProject
Project("{FAE04EC0-301F-11D3-BF4B-00C04F79EFBC}") = "Mini-Biggy.Storage.SqlServer.Cmd", "Mini-Biggy.Storage.SqlServer.Cmd\Mini-Biggy.Storage.SqlServer.Cmd.csproj", "{A218A3C0-90AE-4806-8FED-B6FA9A2AC8AB}"
EndProject
Global
	GlobalSection(SolutionConfigurationPlatforms) = preSolution
		Debug|Any CPU = Debug|Any CPU
		Release|Any CPU = Release|Any CPU
	EndGlobalSection
	GlobalSection(ProjectConfigurationPlatforms) = postSolution
		{9EA98EAC-EC3A-4A3D-9D55-ED55F5438042}.Debug|Any CPU.ActiveCfg = Debug|Any CPU
		{9EA98EAC-EC3A-4A3D-9D55-ED55F5438042}.Debug|Any CPU.Build.0 = Debug|Any CPU
		{9EA98EAC-EC3A-4A3D-9D55-ED55F5438042}.Release|Any CPU.ActiveCfg = Release|Any CPU
		{9EA98EAC-EC3A-4A3D-9D55-ED55F5438042}.Release|Any CPU.Build.0 = Release|Any CPU
		{A218A3C0-90AE-4806-8FED-B6FA9A2AC8AB}.Debug|Any CPU.ActiveCfg = Debug|Any CPU
		{A218A3C0-90AE-4806-8FED-B6FA9A2AC8AB}.Debug|Any CPU.Build.0 = Debug|Any CPU
		{A218A3C0-90AE-4806-8FED-B6FA9A2AC8AB}.Release|Any CPU.ActiveCfg = Release|Any CPU
		{A218A3C0-90AE-4806-8FED-B6FA9A2AC8AB}.Release|Any CPU.Build.0 = Release|Any CPU
	EndGlobalSection
	GlobalSection(SolutionProperties) = preSolution
		HideSolutionNode = FALSE
	EndGlobalSection
	GlobalSection(ExtensibilityGlobals) = postSolution
		SolutionGuid = {62072D87-E9AE-4D23-9AB0-6085348A46A2}
	EndGlobalSection
EndGlobal
